
Microsoft Visual Studio Solution File, Format Version 12.00
# Visual Studio Version 16
VisualStudioVersion = 16.0.30413.136
MinimumVisualStudioVersion = 10.0.40219.1
Project("{8BC9CEB8-8B4A-11D0-8D11-00A0C91BC942}") = "PracticeA", "PracticeA\PracticeA.vcxproj", "{02819D38-851B-4106-9D00-A92B0606A8F6}"
EndProject
Project("{8BC9CEB8-8B4A-11D0-8D11-00A0C91BC942}") = "ABC086A", "ABC096A\ABC096A.vcxproj", "{57898E53-6186-4D2B-9D69-D9BD3D9536BC}"
EndProject
Project("{8BC9CEB8-8B4A-11D0-8D11-00A0C91BC942}") = "ABC081A", "PGConTemp3\PGConTemp3.vcxproj", "{1B75D113-D10B-4375-815B-29E31438E534}"
EndProject
Project("{8BC9CEB8-8B4A-11D0-8D11-00A0C91BC942}") = "ABC081B", "ABC081B\ABC081B.vcxproj", "{A583B70A-FA70-425B-891E-5E4DFF415B05}"
EndProject
Project("{8BC9CEB8-8B4A-11D0-8D11-00A0C91BC942}") = "ABC087B", "ABC087B\ABC087B.vcxproj", "{68BA8D8C-C558-46BC-9BBA-40936C6A5CA8}"
EndProject
Project("{8BC9CEB8-8B4A-11D0-8D11-00A0C91BC942}") = "ABC083B", "ABC083B\ABC083B.vcxproj", "{9ACAE2C8-D764-4AB0-B1BB-0D35619EACA9}"
EndProject
Project("{8BC9CEB8-8B4A-11D0-8D11-00A0C91BC942}") = "ABC088B", "ABC088B\ABC088B.vcxproj", "{709602D9-C543-447E-8EDC-EE4C56791552}"
EndProject
Project("{8BC9CEB8-8B4A-11D0-8D11-00A0C91BC942}") = "ABC085B", "ABC085B\ABC085B.vcxproj", "{1C4C7C87-5155-42CA-9C1F-B97447618088}"
EndProject
Project("{8BC9CEB8-8B4A-11D0-8D11-00A0C91BC942}") = "ABC085C", "ABC085C\ABC085C.vcxproj", "{956A1D06-65B9-40B7-B16A-964DD51503F2}"
EndProject
Project("{8BC9CEB8-8B4A-11D0-8D11-00A0C91BC942}") = "ABC049C", "ABC049C\ABC049C.vcxproj", "{DA6565D3-BA2E-4479-B0E4-38158B1A7304}"
EndProject
Project("{8BC9CEB8-8B4A-11D0-8D11-00A0C91BC942}") = "ABC049C_2", "ABC049C_2\ABC049C_2.vcxproj", "{70F1196D-0CE2-4B6E-B6C1-450EB07E9015}"
EndProject
Project("{8BC9CEB8-8B4A-11D0-8D11-00A0C91BC942}") = "ABC086C", "ABC086C\ABC086C.vcxproj", "{301B038F-D5D2-4E31-B127-9347B63575EF}"
EndProject
Global
	GlobalSection(SolutionConfigurationPlatforms) = preSolution
		Debug|x64 = Debug|x64
		Debug|x86 = Debug|x86
		Release|x64 = Release|x64
		Release|x86 = Release|x86
	EndGlobalSection
	GlobalSection(ProjectConfigurationPlatforms) = postSolution
		{02819D38-851B-4106-9D00-A92B0606A8F6}.Debug|x64.ActiveCfg = Debug|x64
		{02819D38-851B-4106-9D00-A92B0606A8F6}.Debug|x64.Build.0 = Debug|x64
		{02819D38-851B-4106-9D00-A92B0606A8F6}.Debug|x86.ActiveCfg = Debug|Win32
		{02819D38-851B-4106-9D00-A92B0606A8F6}.Debug|x86.Build.0 = Debug|Win32
		{02819D38-851B-4106-9D00-A92B0606A8F6}.Release|x64.ActiveCfg = Release|x64
		{02819D38-851B-4106-9D00-A92B0606A8F6}.Release|x64.Build.0 = Release|x64
		{02819D38-851B-4106-9D00-A92B0606A8F6}.Release|x86.ActiveCfg = Release|Win32
		{02819D38-851B-4106-9D00-A92B0606A8F6}.Release|x86.Build.0 = Release|Win32
		{57898E53-6186-4D2B-9D69-D9BD3D9536BC}.Debug|x64.ActiveCfg = Debug|x64
		{57898E53-6186-4D2B-9D69-D9BD3D9536BC}.Debug|x64.Build.0 = Debug|x64
		{57898E53-6186-4D2B-9D69-D9BD3D9536BC}.Debug|x86.ActiveCfg = Debug|Win32
		{57898E53-6186-4D2B-9D69-D9BD3D9536BC}.Debug|x86.Build.0 = Debug|Win32
		{57898E53-6186-4D2B-9D69-D9BD3D9536BC}.Release|x64.ActiveCfg = Release|x64
		{57898E53-6186-4D2B-9D69-D9BD3D9536BC}.Release|x64.Build.0 = Release|x64
		{57898E53-6186-4D2B-9D69-D9BD3D9536BC}.Release|x86.ActiveCfg = Release|Win32
		{57898E53-6186-4D2B-9D69-D9BD3D9536BC}.Release|x86.Build.0 = Release|Win32
		{1B75D113-D10B-4375-815B-29E31438E534}.Debug|x64.ActiveCfg = Debug|x64
		{1B75D113-D10B-4375-815B-29E31438E534}.Debug|x64.Build.0 = Debug|x64
		{1B75D113-D10B-4375-815B-29E31438E534}.Debug|x86.ActiveCfg = Debug|Win32
		{1B75D113-D10B-4375-815B-29E31438E534}.Debug|x86.Build.0 = Debug|Win32
		{1B75D113-D10B-4375-815B-29E31438E534}.Release|x64.ActiveCfg = Release|x64
		{1B75D113-D10B-4375-815B-29E31438E534}.Release|x64.Build.0 = Release|x64
		{1B75D113-D10B-4375-815B-29E31438E534}.Release|x86.ActiveCfg = Release|Win32
		{1B75D113-D10B-4375-815B-29E31438E534}.Release|x86.Build.0 = Release|Win32
		{A583B70A-FA70-425B-891E-5E4DFF415B05}.Debug|x64.ActiveCfg = Debug|x64
		{A583B70A-FA70-425B-891E-5E4DFF415B05}.Debug|x64.Build.0 = Debug|x64
		{A583B70A-FA70-425B-891E-5E4DFF415B05}.Debug|x86.ActiveCfg = Debug|Win32
		{A583B70A-FA70-425B-891E-5E4DFF415B05}.Debug|x86.Build.0 = Debug|Win32
		{A583B70A-FA70-425B-891E-5E4DFF415B05}.Release|x64.ActiveCfg = Release|x64
		{A583B70A-FA70-425B-891E-5E4DFF415B05}.Release|x64.Build.0 = Release|x64
		{A583B70A-FA70-425B-891E-5E4DFF415B05}.Release|x86.ActiveCfg = Release|Win32
		{A583B70A-FA70-425B-891E-5E4DFF415B05}.Release|x86.Build.0 = Release|Win32
		{68BA8D8C-C558-46BC-9BBA-40936C6A5CA8}.Debug|x64.ActiveCfg = Debug|x64
		{68BA8D8C-C558-46BC-9BBA-40936C6A5CA8}.Debug|x64.Build.0 = Debug|x64
		{68BA8D8C-C558-46BC-9BBA-40936C6A5CA8}.Debug|x86.ActiveCfg = Debug|Win32
		{68BA8D8C-C558-46BC-9BBA-40936C6A5CA8}.Debug|x86.Build.0 = Debug|Win32
		{68BA8D8C-C558-46BC-9BBA-40936C6A5CA8}.Release|x64.ActiveCfg = Release|x64
		{68BA8D8C-C558-46BC-9BBA-40936C6A5CA8}.Release|x64.Build.0 = Release|x64
		{68BA8D8C-C558-46BC-9BBA-40936C6A5CA8}.Release|x86.ActiveCfg = Release|Win32
		{68BA8D8C-C558-46BC-9BBA-40936C6A5CA8}.Release|x86.Build.0 = Release|Win32
		{9ACAE2C8-D764-4AB0-B1BB-0D35619EACA9}.Debug|x64.ActiveCfg = Debug|x64
		{9ACAE2C8-D764-4AB0-B1BB-0D35619EACA9}.Debug|x64.Build.0 = Debug|x64
		{9ACAE2C8-D764-4AB0-B1BB-0D35619EACA9}.Debug|x86.ActiveCfg = Debug|Win32
		{9ACAE2C8-D764-4AB0-B1BB-0D35619EACA9}.Debug|x86.Build.0 = Debug|Win32
		{9ACAE2C8-D764-4AB0-B1BB-0D35619EACA9}.Release|x64.ActiveCfg = Release|x64
		{9ACAE2C8-D764-4AB0-B1BB-0D35619EACA9}.Release|x64.Build.0 = Release|x64
		{9ACAE2C8-D764-4AB0-B1BB-0D35619EACA9}.Release|x86.ActiveCfg = Release|Win32
		{9ACAE2C8-D764-4AB0-B1BB-0D35619EACA9}.Release|x86.Build.0 = Release|Win32
		{709602D9-C543-447E-8EDC-EE4C56791552}.Debug|x64.ActiveCfg = Debug|x64
		{709602D9-C543-447E-8EDC-EE4C56791552}.Debug|x64.Build.0 = Debug|x64
		{709602D9-C543-447E-8EDC-EE4C56791552}.Debug|x86.ActiveCfg = Debug|Win32
		{709602D9-C543-447E-8EDC-EE4C56791552}.Debug|x86.Build.0 = Debug|Win32
		{709602D9-C543-447E-8EDC-EE4C56791552}.Release|x64.ActiveCfg = Release|x64
		{709602D9-C543-447E-8EDC-EE4C56791552}.Release|x64.Build.0 = Release|x64
		{709602D9-C543-447E-8EDC-EE4C56791552}.Release|x86.ActiveCfg = Release|Win32
		{709602D9-C543-447E-8EDC-EE4C56791552}.Release|x86.Build.0 = Release|Win32
		{1C4C7C87-5155-42CA-9C1F-B97447618088}.Debug|x64.ActiveCfg = Debug|x64
		{1C4C7C87-5155-42CA-9C1F-B97447618088}.Debug|x64.Build.0 = Debug|x64
		{1C4C7C87-5155-42CA-9C1F-B97447618088}.Debug|x86.ActiveCfg = Debug|Win32
		{1C4C7C87-5155-42CA-9C1F-B97447618088}.Debug|x86.Build.0 = Debug|Win32
		{1C4C7C87-5155-42CA-9C1F-B97447618088}.Release|x64.ActiveCfg = Release|x64
		{1C4C7C87-5155-42CA-9C1F-B97447618088}.Release|x64.Build.0 = Release|x64
		{1C4C7C87-5155-42CA-9C1F-B97447618088}.Release|x86.ActiveCfg = Release|Win32
		{1C4C7C87-5155-42CA-9C1F-B97447618088}.Release|x86.Build.0 = Release|Win32
		{956A1D06-65B9-40B7-B16A-964DD51503F2}.Debug|x64.ActiveCfg = Debug|x64
		{956A1D06-65B9-40B7-B16A-964DD51503F2}.Debug|x64.Build.0 = Debug|x64
		{956A1D06-65B9-40B7-B16A-964DD51503F2}.Debug|x86.ActiveCfg = Debug|Win32
		{956A1D06-65B9-40B7-B16A-964DD51503F2}.Debug|x86.Build.0 = Debug|Win32
		{956A1D06-65B9-40B7-B16A-964DD51503F2}.Release|x64.ActiveCfg = Release|x64
		{956A1D06-65B9-40B7-B16A-964DD51503F2}.Release|x64.Build.0 = Release|x64
		{956A1D06-65B9-40B7-B16A-964DD51503F2}.Release|x86.ActiveCfg = Release|Win32
		{956A1D06-65B9-40B7-B16A-964DD51503F2}.Release|x86.Build.0 = Release|Win32
		{DA6565D3-BA2E-4479-B0E4-38158B1A7304}.Debug|x64.ActiveCfg = Debug|x64
		{DA6565D3-BA2E-4479-B0E4-38158B1A7304}.Debug|x64.Build.0 = Debug|x64
		{DA6565D3-BA2E-4479-B0E4-38158B1A7304}.Debug|x86.ActiveCfg = Debug|Win32
		{DA6565D3-BA2E-4479-B0E4-38158B1A7304}.Debug|x86.Build.0 = Debug|Win32
		{DA6565D3-BA2E-4479-B0E4-38158B1A7304}.Release|x64.ActiveCfg = Release|x64
		{DA6565D3-BA2E-4479-B0E4-38158B1A7304}.Release|x64.Build.0 = Release|x64
		{DA6565D3-BA2E-4479-B0E4-38158B1A7304}.Release|x86.ActiveCfg = Release|Win32
		{DA6565D3-BA2E-4479-B0E4-38158B1A7304}.Release|x86.Build.0 = Release|Win32
		{70F1196D-0CE2-4B6E-B6C1-450EB07E9015}.Debug|x64.ActiveCfg = Debug|x64
		{70F1196D-0CE2-4B6E-B6C1-450EB07E9015}.Debug|x64.Build.0 = Debug|x64
		{70F1196D-0CE2-4B6E-B6C1-450EB07E9015}.Debug|x86.ActiveCfg = Debug|Win32
		{70F1196D-0CE2-4B6E-B6C1-450EB07E9015}.Debug|x86.Build.0 = Debug|Win32
		{70F1196D-0CE2-4B6E-B6C1-450EB07E9015}.Release|x64.ActiveCfg = Release|x64
		{70F1196D-0CE2-4B6E-B6C1-450EB07E9015}.Release|x64.Build.0 = Release|x64
		{70F1196D-0CE2-4B6E-B6C1-450EB07E9015}.Release|x86.ActiveCfg = Release|Win32
		{70F1196D-0CE2-4B6E-B6C1-450EB07E9015}.Release|x86.Build.0 = Release|Win32
		{301B038F-D5D2-4E31-B127-9347B63575EF}.Debug|x64.ActiveCfg = Debug|x64
		{301B038F-D5D2-4E31-B127-9347B63575EF}.Debug|x64.Build.0 = Debug|x64
		{301B038F-D5D2-4E31-B127-9347B63575EF}.Debug|x86.ActiveCfg = Debug|Win32
		{301B038F-D5D2-4E31-B127-9347B63575EF}.Debug|x86.Build.0 = Debug|Win32
		{301B038F-D5D2-4E31-B127-9347B63575EF}.Release|x64.ActiveCfg = Release|x64
		{301B038F-D5D2-4E31-B127-9347B63575EF}.Release|x64.Build.0 = Release|x64
		{301B038F-D5D2-4E31-B127-9347B63575EF}.Release|x86.ActiveCfg = Release|Win32
		{301B038F-D5D2-4E31-B127-9347B63575EF}.Release|x86.Build.0 = Release|Win32
	EndGlobalSection
	GlobalSection(SolutionProperties) = preSolution
		HideSolutionNode = FALSE
	EndGlobalSection
	GlobalSection(ExtensibilityGlobals) = postSolution
		SolutionGuid = {46948633-DE70-4785-826E-931D9488EE39}
	EndGlobalSection
EndGlobal
