
Microsoft Visual Studio Solution File, Format Version 12.00
# Visual Studio Version 16
VisualStudioVersion = 16.0.30413.136
MinimumVisualStudioVersion = 10.0.40219.1
Project("{8BC9CEB8-8B4A-11D0-8D11-00A0C91BC942}") = "PAST_A", "PAST_A\PAST_A.vcxproj", "{E3E3CE46-98C0-4067-B227-DD33FDC29417}"
EndProject
Project("{8BC9CEB8-8B4A-11D0-8D11-00A0C91BC942}") = "PAST_B", "PAST_B\PAST_B.vcxproj", "{F1F349F1-7E0E-4EA6-8981-31AB5B5B205C}"
EndProject
Project("{8BC9CEB8-8B4A-11D0-8D11-00A0C91BC942}") = "PAST_C", "PAST_C\PAST_C.vcxproj", "{4EED89E4-AE34-4DA0-BB53-DB4A8EA8C9AE}"
EndProject
Project("{8BC9CEB8-8B4A-11D0-8D11-00A0C91BC942}") = "PAST_D", "PAST_D\PAST_D.vcxproj", "{F8E5825A-4D52-4727-B8E1-95E8E60BE816}"
EndProject
Project("{8BC9CEB8-8B4A-11D0-8D11-00A0C91BC942}") = "PAST_E", "PAST_E\PAST_E.vcxproj", "{D902D0E3-2C81-4925-9648-A186555E3891}"
EndProject
Project("{8BC9CEB8-8B4A-11D0-8D11-00A0C91BC942}") = "PAST_F", "PAST_F\PAST_F.vcxproj", "{5CB38C64-00E0-4B73-BF93-97B27BDF77E5}"
EndProject
Project("{8BC9CEB8-8B4A-11D0-8D11-00A0C91BC942}") = "PAST_G", "PAST_G\PAST_G.vcxproj", "{7F229726-16C3-4E40-98FB-A0214CD21F88}"
EndProject
Project("{8BC9CEB8-8B4A-11D0-8D11-00A0C91BC942}") = "PAST_H", "PAST_H\PAST_H.vcxproj", "{5D65B5E2-5D39-4FB5-9114-2666EFCA9404}"
EndProject
Project("{8BC9CEB8-8B4A-11D0-8D11-00A0C91BC942}") = "PAST_I", "PAST_I\PAST_I.vcxproj", "{43317082-7725-45B0-A3D8-1341C8F2711C}"
EndProject
Project("{8BC9CEB8-8B4A-11D0-8D11-00A0C91BC942}") = "PAST_J", "PAST_J\PAST_J.vcxproj", "{B4CB6C4F-3BC6-4471-B382-EDE1225A175A}"
EndProject
Project("{8BC9CEB8-8B4A-11D0-8D11-00A0C91BC942}") = "PAST_K", "PAST_K\PAST_K.vcxproj", "{0558A6E2-7848-4D0B-BF78-0A26CC25CB89}"
EndProject
Project("{8BC9CEB8-8B4A-11D0-8D11-00A0C91BC942}") = "PAST_L", "PAST_L\PAST_L.vcxproj", "{48208504-8140-4FD8-8D6B-DFB21954CA54}"
EndProject
Project("{8BC9CEB8-8B4A-11D0-8D11-00A0C91BC942}") = "PAST_M", "PAST_M\PAST_M.vcxproj", "{E2ACC69B-B689-406B-9F86-CC935F8C03C8}"
EndProject
Global
	GlobalSection(SolutionConfigurationPlatforms) = preSolution
		Debug|x64 = Debug|x64
		Debug|x86 = Debug|x86
		Release|x64 = Release|x64
		Release|x86 = Release|x86
	EndGlobalSection
	GlobalSection(ProjectConfigurationPlatforms) = postSolution
		{E3E3CE46-98C0-4067-B227-DD33FDC29417}.Debug|x64.ActiveCfg = Debug|x64
		{E3E3CE46-98C0-4067-B227-DD33FDC29417}.Debug|x64.Build.0 = Debug|x64
		{E3E3CE46-98C0-4067-B227-DD33FDC29417}.Debug|x86.ActiveCfg = Debug|Win32
		{E3E3CE46-98C0-4067-B227-DD33FDC29417}.Debug|x86.Build.0 = Debug|Win32
		{E3E3CE46-98C0-4067-B227-DD33FDC29417}.Release|x64.ActiveCfg = Release|x64
		{E3E3CE46-98C0-4067-B227-DD33FDC29417}.Release|x64.Build.0 = Release|x64
		{E3E3CE46-98C0-4067-B227-DD33FDC29417}.Release|x86.ActiveCfg = Release|Win32
		{E3E3CE46-98C0-4067-B227-DD33FDC29417}.Release|x86.Build.0 = Release|Win32
		{F1F349F1-7E0E-4EA6-8981-31AB5B5B205C}.Debug|x64.ActiveCfg = Debug|x64
		{F1F349F1-7E0E-4EA6-8981-31AB5B5B205C}.Debug|x64.Build.0 = Debug|x64
		{F1F349F1-7E0E-4EA6-8981-31AB5B5B205C}.Debug|x86.ActiveCfg = Debug|Win32
		{F1F349F1-7E0E-4EA6-8981-31AB5B5B205C}.Debug|x86.Build.0 = Debug|Win32
		{F1F349F1-7E0E-4EA6-8981-31AB5B5B205C}.Release|x64.ActiveCfg = Release|x64
		{F1F349F1-7E0E-4EA6-8981-31AB5B5B205C}.Release|x64.Build.0 = Release|x64
		{F1F349F1-7E0E-4EA6-8981-31AB5B5B205C}.Release|x86.ActiveCfg = Release|Win32
		{F1F349F1-7E0E-4EA6-8981-31AB5B5B205C}.Release|x86.Build.0 = Release|Win32
		{4EED89E4-AE34-4DA0-BB53-DB4A8EA8C9AE}.Debug|x64.ActiveCfg = Debug|x64
		{4EED89E4-AE34-4DA0-BB53-DB4A8EA8C9AE}.Debug|x64.Build.0 = Debug|x64
		{4EED89E4-AE34-4DA0-BB53-DB4A8EA8C9AE}.Debug|x86.ActiveCfg = Debug|Win32
		{4EED89E4-AE34-4DA0-BB53-DB4A8EA8C9AE}.Debug|x86.Build.0 = Debug|Win32
		{4EED89E4-AE34-4DA0-BB53-DB4A8EA8C9AE}.Release|x64.ActiveCfg = Release|x64
		{4EED89E4-AE34-4DA0-BB53-DB4A8EA8C9AE}.Release|x64.Build.0 = Release|x64
		{4EED89E4-AE34-4DA0-BB53-DB4A8EA8C9AE}.Release|x86.ActiveCfg = Release|Win32
		{4EED89E4-AE34-4DA0-BB53-DB4A8EA8C9AE}.Release|x86.Build.0 = Release|Win32
		{F8E5825A-4D52-4727-B8E1-95E8E60BE816}.Debug|x64.ActiveCfg = Debug|x64
		{F8E5825A-4D52-4727-B8E1-95E8E60BE816}.Debug|x64.Build.0 = Debug|x64
		{F8E5825A-4D52-4727-B8E1-95E8E60BE816}.Debug|x86.ActiveCfg = Debug|Win32
		{F8E5825A-4D52-4727-B8E1-95E8E60BE816}.Debug|x86.Build.0 = Debug|Win32
		{F8E5825A-4D52-4727-B8E1-95E8E60BE816}.Release|x64.ActiveCfg = Release|x64
		{F8E5825A-4D52-4727-B8E1-95E8E60BE816}.Release|x64.Build.0 = Release|x64
		{F8E5825A-4D52-4727-B8E1-95E8E60BE816}.Release|x86.ActiveCfg = Release|Win32
		{F8E5825A-4D52-4727-B8E1-95E8E60BE816}.Release|x86.Build.0 = Release|Win32
		{D902D0E3-2C81-4925-9648-A186555E3891}.Debug|x64.ActiveCfg = Debug|x64
		{D902D0E3-2C81-4925-9648-A186555E3891}.Debug|x64.Build.0 = Debug|x64
		{D902D0E3-2C81-4925-9648-A186555E3891}.Debug|x86.ActiveCfg = Debug|Win32
		{D902D0E3-2C81-4925-9648-A186555E3891}.Debug|x86.Build.0 = Debug|Win32
		{D902D0E3-2C81-4925-9648-A186555E3891}.Release|x64.ActiveCfg = Release|x64
		{D902D0E3-2C81-4925-9648-A186555E3891}.Release|x64.Build.0 = Release|x64
		{D902D0E3-2C81-4925-9648-A186555E3891}.Release|x86.ActiveCfg = Release|Win32
		{D902D0E3-2C81-4925-9648-A186555E3891}.Release|x86.Build.0 = Release|Win32
		{5CB38C64-00E0-4B73-BF93-97B27BDF77E5}.Debug|x64.ActiveCfg = Debug|x64
		{5CB38C64-00E0-4B73-BF93-97B27BDF77E5}.Debug|x64.Build.0 = Debug|x64
		{5CB38C64-00E0-4B73-BF93-97B27BDF77E5}.Debug|x86.ActiveCfg = Debug|Win32
		{5CB38C64-00E0-4B73-BF93-97B27BDF77E5}.Debug|x86.Build.0 = Debug|Win32
		{5CB38C64-00E0-4B73-BF93-97B27BDF77E5}.Release|x64.ActiveCfg = Release|x64
		{5CB38C64-00E0-4B73-BF93-97B27BDF77E5}.Release|x64.Build.0 = Release|x64
		{5CB38C64-00E0-4B73-BF93-97B27BDF77E5}.Release|x86.ActiveCfg = Release|Win32
		{5CB38C64-00E0-4B73-BF93-97B27BDF77E5}.Release|x86.Build.0 = Release|Win32
		{7F229726-16C3-4E40-98FB-A0214CD21F88}.Debug|x64.ActiveCfg = Debug|x64
		{7F229726-16C3-4E40-98FB-A0214CD21F88}.Debug|x64.Build.0 = Debug|x64
		{7F229726-16C3-4E40-98FB-A0214CD21F88}.Debug|x86.ActiveCfg = Debug|Win32
		{7F229726-16C3-4E40-98FB-A0214CD21F88}.Debug|x86.Build.0 = Debug|Win32
		{7F229726-16C3-4E40-98FB-A0214CD21F88}.Release|x64.ActiveCfg = Release|x64
		{7F229726-16C3-4E40-98FB-A0214CD21F88}.Release|x64.Build.0 = Release|x64
		{7F229726-16C3-4E40-98FB-A0214CD21F88}.Release|x86.ActiveCfg = Release|Win32
		{7F229726-16C3-4E40-98FB-A0214CD21F88}.Release|x86.Build.0 = Release|Win32
		{5D65B5E2-5D39-4FB5-9114-2666EFCA9404}.Debug|x64.ActiveCfg = Debug|x64
		{5D65B5E2-5D39-4FB5-9114-2666EFCA9404}.Debug|x64.Build.0 = Debug|x64
		{5D65B5E2-5D39-4FB5-9114-2666EFCA9404}.Debug|x86.ActiveCfg = Debug|Win32
		{5D65B5E2-5D39-4FB5-9114-2666EFCA9404}.Debug|x86.Build.0 = Debug|Win32
		{5D65B5E2-5D39-4FB5-9114-2666EFCA9404}.Release|x64.ActiveCfg = Release|x64
		{5D65B5E2-5D39-4FB5-9114-2666EFCA9404}.Release|x64.Build.0 = Release|x64
		{5D65B5E2-5D39-4FB5-9114-2666EFCA9404}.Release|x86.ActiveCfg = Release|Win32
		{5D65B5E2-5D39-4FB5-9114-2666EFCA9404}.Release|x86.Build.0 = Release|Win32
		{43317082-7725-45B0-A3D8-1341C8F2711C}.Debug|x64.ActiveCfg = Debug|x64
		{43317082-7725-45B0-A3D8-1341C8F2711C}.Debug|x64.Build.0 = Debug|x64
		{43317082-7725-45B0-A3D8-1341C8F2711C}.Debug|x86.ActiveCfg = Debug|Win32
		{43317082-7725-45B0-A3D8-1341C8F2711C}.Debug|x86.Build.0 = Debug|Win32
		{43317082-7725-45B0-A3D8-1341C8F2711C}.Release|x64.ActiveCfg = Release|x64
		{43317082-7725-45B0-A3D8-1341C8F2711C}.Release|x64.Build.0 = Release|x64
		{43317082-7725-45B0-A3D8-1341C8F2711C}.Release|x86.ActiveCfg = Release|Win32
		{43317082-7725-45B0-A3D8-1341C8F2711C}.Release|x86.Build.0 = Release|Win32
		{B4CB6C4F-3BC6-4471-B382-EDE1225A175A}.Debug|x64.ActiveCfg = Debug|x64
		{B4CB6C4F-3BC6-4471-B382-EDE1225A175A}.Debug|x64.Build.0 = Debug|x64
		{B4CB6C4F-3BC6-4471-B382-EDE1225A175A}.Debug|x86.ActiveCfg = Debug|Win32
		{B4CB6C4F-3BC6-4471-B382-EDE1225A175A}.Debug|x86.Build.0 = Debug|Win32
		{B4CB6C4F-3BC6-4471-B382-EDE1225A175A}.Release|x64.ActiveCfg = Release|x64
		{B4CB6C4F-3BC6-4471-B382-EDE1225A175A}.Release|x64.Build.0 = Release|x64
		{B4CB6C4F-3BC6-4471-B382-EDE1225A175A}.Release|x86.ActiveCfg = Release|Win32
		{B4CB6C4F-3BC6-4471-B382-EDE1225A175A}.Release|x86.Build.0 = Release|Win32
		{0558A6E2-7848-4D0B-BF78-0A26CC25CB89}.Debug|x64.ActiveCfg = Debug|x64
		{0558A6E2-7848-4D0B-BF78-0A26CC25CB89}.Debug|x64.Build.0 = Debug|x64
		{0558A6E2-7848-4D0B-BF78-0A26CC25CB89}.Debug|x86.ActiveCfg = Debug|Win32
		{0558A6E2-7848-4D0B-BF78-0A26CC25CB89}.Debug|x86.Build.0 = Debug|Win32
		{0558A6E2-7848-4D0B-BF78-0A26CC25CB89}.Release|x64.ActiveCfg = Release|x64
		{0558A6E2-7848-4D0B-BF78-0A26CC25CB89}.Release|x64.Build.0 = Release|x64
		{0558A6E2-7848-4D0B-BF78-0A26CC25CB89}.Release|x86.ActiveCfg = Release|Win32
		{0558A6E2-7848-4D0B-BF78-0A26CC25CB89}.Release|x86.Build.0 = Release|Win32
		{48208504-8140-4FD8-8D6B-DFB21954CA54}.Debug|x64.ActiveCfg = Debug|x64
		{48208504-8140-4FD8-8D6B-DFB21954CA54}.Debug|x64.Build.0 = Debug|x64
		{48208504-8140-4FD8-8D6B-DFB21954CA54}.Debug|x86.ActiveCfg = Debug|Win32
		{48208504-8140-4FD8-8D6B-DFB21954CA54}.Debug|x86.Build.0 = Debug|Win32
		{48208504-8140-4FD8-8D6B-DFB21954CA54}.Release|x64.ActiveCfg = Release|x64
		{48208504-8140-4FD8-8D6B-DFB21954CA54}.Release|x64.Build.0 = Release|x64
		{48208504-8140-4FD8-8D6B-DFB21954CA54}.Release|x86.ActiveCfg = Release|Win32
		{48208504-8140-4FD8-8D6B-DFB21954CA54}.Release|x86.Build.0 = Release|Win32
		{E2ACC69B-B689-406B-9F86-CC935F8C03C8}.Debug|x64.ActiveCfg = Debug|x64
		{E2ACC69B-B689-406B-9F86-CC935F8C03C8}.Debug|x64.Build.0 = Debug|x64
		{E2ACC69B-B689-406B-9F86-CC935F8C03C8}.Debug|x86.ActiveCfg = Debug|Win32
		{E2ACC69B-B689-406B-9F86-CC935F8C03C8}.Debug|x86.Build.0 = Debug|Win32
		{E2ACC69B-B689-406B-9F86-CC935F8C03C8}.Release|x64.ActiveCfg = Release|x64
		{E2ACC69B-B689-406B-9F86-CC935F8C03C8}.Release|x64.Build.0 = Release|x64
		{E2ACC69B-B689-406B-9F86-CC935F8C03C8}.Release|x86.ActiveCfg = Release|Win32
		{E2ACC69B-B689-406B-9F86-CC935F8C03C8}.Release|x86.Build.0 = Release|Win32
	EndGlobalSection
	GlobalSection(SolutionProperties) = preSolution
		HideSolutionNode = FALSE
	EndGlobalSection
	GlobalSection(ExtensibilityGlobals) = postSolution
		SolutionGuid = {CA211C86-6AEE-4623-8AB7-6F30C5CAB200}
	EndGlobalSection
EndGlobal
