
Microsoft Visual Studio Solution File, Format Version 12.00
# Visual Studio Version 16
VisualStudioVersion = 16.0.30413.136
MinimumVisualStudioVersion = 10.0.40219.1
Project("{8BC9CEB8-8B4A-11D0-8D11-00A0C91BC942}") = "A", "A\A.vcxproj", "{0C4A352D-59AD-4836-88B5-3CB81F6086A4}"
EndProject
Project("{8BC9CEB8-8B4A-11D0-8D11-00A0C91BC942}") = "B", "B\B.vcxproj", "{C0314857-9F21-4C1F-A9CA-E6A82AF078E1}"
EndProject
Project("{8BC9CEB8-8B4A-11D0-8D11-00A0C91BC942}") = "C", "C\C.vcxproj", "{435F9FD6-7DF2-4ECB-9E7B-6E3FF7AEE84E}"
EndProject
Project("{8BC9CEB8-8B4A-11D0-8D11-00A0C91BC942}") = "D", "D\D.vcxproj", "{6DD9E10D-1B23-4EE3-99CB-7EC98EFEB825}"
EndProject
Global
	GlobalSection(SolutionConfigurationPlatforms) = preSolution
		Debug|x64 = Debug|x64
		Debug|x86 = Debug|x86
		Release|x64 = Release|x64
		Release|x86 = Release|x86
	EndGlobalSection
	GlobalSection(ProjectConfigurationPlatforms) = postSolution
		{0C4A352D-59AD-4836-88B5-3CB81F6086A4}.Debug|x64.ActiveCfg = Debug|x64
		{0C4A352D-59AD-4836-88B5-3CB81F6086A4}.Debug|x64.Build.0 = Debug|x64
		{0C4A352D-59AD-4836-88B5-3CB81F6086A4}.Debug|x86.ActiveCfg = Debug|Win32
		{0C4A352D-59AD-4836-88B5-3CB81F6086A4}.Debug|x86.Build.0 = Debug|Win32
		{0C4A352D-59AD-4836-88B5-3CB81F6086A4}.Release|x64.ActiveCfg = Release|x64
		{0C4A352D-59AD-4836-88B5-3CB81F6086A4}.Release|x64.Build.0 = Release|x64
		{0C4A352D-59AD-4836-88B5-3CB81F6086A4}.Release|x86.ActiveCfg = Release|Win32
		{0C4A352D-59AD-4836-88B5-3CB81F6086A4}.Release|x86.Build.0 = Release|Win32
		{C0314857-9F21-4C1F-A9CA-E6A82AF078E1}.Debug|x64.ActiveCfg = Debug|x64
		{C0314857-9F21-4C1F-A9CA-E6A82AF078E1}.Debug|x64.Build.0 = Debug|x64
		{C0314857-9F21-4C1F-A9CA-E6A82AF078E1}.Debug|x86.ActiveCfg = Debug|Win32
		{C0314857-9F21-4C1F-A9CA-E6A82AF078E1}.Debug|x86.Build.0 = Debug|Win32
		{C0314857-9F21-4C1F-A9CA-E6A82AF078E1}.Release|x64.ActiveCfg = Release|x64
		{C0314857-9F21-4C1F-A9CA-E6A82AF078E1}.Release|x64.Build.0 = Release|x64
		{C0314857-9F21-4C1F-A9CA-E6A82AF078E1}.Release|x86.ActiveCfg = Release|Win32
		{C0314857-9F21-4C1F-A9CA-E6A82AF078E1}.Release|x86.Build.0 = Release|Win32
		{435F9FD6-7DF2-4ECB-9E7B-6E3FF7AEE84E}.Debug|x64.ActiveCfg = Debug|x64
		{435F9FD6-7DF2-4ECB-9E7B-6E3FF7AEE84E}.Debug|x64.Build.0 = Debug|x64
		{435F9FD6-7DF2-4ECB-9E7B-6E3FF7AEE84E}.Debug|x86.ActiveCfg = Debug|Win32
		{435F9FD6-7DF2-4ECB-9E7B-6E3FF7AEE84E}.Debug|x86.Build.0 = Debug|Win32
		{435F9FD6-7DF2-4ECB-9E7B-6E3FF7AEE84E}.Release|x64.ActiveCfg = Release|x64
		{435F9FD6-7DF2-4ECB-9E7B-6E3FF7AEE84E}.Release|x64.Build.0 = Release|x64
		{435F9FD6-7DF2-4ECB-9E7B-6E3FF7AEE84E}.Release|x86.ActiveCfg = Release|Win32
		{435F9FD6-7DF2-4ECB-9E7B-6E3FF7AEE84E}.Release|x86.Build.0 = Release|Win32
		{6DD9E10D-1B23-4EE3-99CB-7EC98EFEB825}.Debug|x64.ActiveCfg = Debug|x64
		{6DD9E10D-1B23-4EE3-99CB-7EC98EFEB825}.Debug|x64.Build.0 = Debug|x64
		{6DD9E10D-1B23-4EE3-99CB-7EC98EFEB825}.Debug|x86.ActiveCfg = Debug|Win32
		{6DD9E10D-1B23-4EE3-99CB-7EC98EFEB825}.Debug|x86.Build.0 = Debug|Win32
		{6DD9E10D-1B23-4EE3-99CB-7EC98EFEB825}.Release|x64.ActiveCfg = Release|x64
		{6DD9E10D-1B23-4EE3-99CB-7EC98EFEB825}.Release|x64.Build.0 = Release|x64
		{6DD9E10D-1B23-4EE3-99CB-7EC98EFEB825}.Release|x86.ActiveCfg = Release|Win32
		{6DD9E10D-1B23-4EE3-99CB-7EC98EFEB825}.Release|x86.Build.0 = Release|Win32
	EndGlobalSection
	GlobalSection(SolutionProperties) = preSolution
		HideSolutionNode = FALSE
	EndGlobalSection
	GlobalSection(ExtensibilityGlobals) = postSolution
		SolutionGuid = {26D5DC78-07F5-4D84-B46A-E4B0E3CF3A40}
	EndGlobalSection
EndGlobal
